// !$*UTF8*$!
{
	archiveVersion = 1;
	classes = {
	};
	objectVersion = 50;
	objects = {

/* Begin PBXBuildFile section */
		07152DF220C4DA9700326D52 /* CrossFadeSegue.swift in Sources */ = {isa = PBXBuildFile; fileRef = 07152DF120C4DA9600326D52 /* CrossFadeSegue.swift */; };
		07152DF420C4DBCC00326D52 /* SegueId.swift in Sources */ = {isa = PBXBuildFile; fileRef = 07152DF320C4DBCC00326D52 /* SegueId.swift */; };
		07152DF720C4DF2300326D52 /* FirebaseCloudMessageExtensions.swift in Sources */ = {isa = PBXBuildFile; fileRef = 07152DF620C4DF2300326D52 /* FirebaseCloudMessageExtensions.swift */; };
		07152DF920C4DF8300326D52 /* FirebaseAuthExtensions.swift in Sources */ = {isa = PBXBuildFile; fileRef = 07152DF820C4DF8300326D52 /* FirebaseAuthExtensions.swift */; };
		07152DFB20C4E16700326D52 /* Log.swift in Sources */ = {isa = PBXBuildFile; fileRef = 07152DFA20C4E16700326D52 /* Log.swift */; };
		07152DFD20C5285200326D52 /* Models.swift in Sources */ = {isa = PBXBuildFile; fileRef = 07152DFC20C5285200326D52 /* Models.swift */; };
		07152E0420C53C7000326D52 /* CardsViewController.swift in Sources */ = {isa = PBXBuildFile; fileRef = 07152E0320C53C7000326D52 /* CardsViewController.swift */; };
		07152E0620C53E6A00326D52 /* ReviewCardsViewController.swift in Sources */ = {isa = PBXBuildFile; fileRef = 07152E0520C53E6A00326D52 /* ReviewCardsViewController.swift */; };
		07152E0F20C53F6C00326D52 /* BaseViewController.swift in Sources */ = {isa = PBXBuildFile; fileRef = 07152E0C20C53F6C00326D52 /* BaseViewController.swift */; };
		07152E1020C53F6C00326D52 /* TabViewController.swift in Sources */ = {isa = PBXBuildFile; fileRef = 07152E0D20C53F6C00326D52 /* TabViewController.swift */; };
		07152E1120C53F6C00326D52 /* NavigationViewController.swift in Sources */ = {isa = PBXBuildFile; fileRef = 07152E0E20C53F6C00326D52 /* NavigationViewController.swift */; };
		07152E1620C5421700326D52 /* ProjectBaseAdapter.swift in Sources */ = {isa = PBXBuildFile; fileRef = 07152E1520C5421700326D52 /* ProjectBaseAdapter.swift */; };
		07152E1920C5424300326D52 /* CardCell.swift in Sources */ = {isa = PBXBuildFile; fileRef = 07152E1720C5424300326D52 /* CardCell.swift */; };
		07152E1C20C6827200326D52 /* CellItemConvertible.swift in Sources */ = {isa = PBXBuildFile; fileRef = 07152E1B20C6827200326D52 /* CellItemConvertible.swift */; };
		07152E2620C9032600326D52 /* notebooks.json in Resources */ = {isa = PBXBuildFile; fileRef = 07152E2520C9032600326D52 /* notebooks.json */; };
		07152E2820C92E5900326D52 /* NotebookDatasource.swift in Sources */ = {isa = PBXBuildFile; fileRef = 07152E2720C92E5900326D52 /* NotebookDatasource.swift */; };
		07152E2B20CA130A00326D52 /* notebook_tong.json in Resources */ = {isa = PBXBuildFile; fileRef = 07152E2920CA130900326D52 /* notebook_tong.json */; };
		07152E2C20CA130A00326D52 /* notebook_doudou.json in Resources */ = {isa = PBXBuildFile; fileRef = 07152E2A20CA130A00326D52 /* notebook_doudou.json */; };
		07152E2E20CA1BE400326D52 /* test.json in Resources */ = {isa = PBXBuildFile; fileRef = 07152E2D20CA1BE400326D52 /* test.json */; };
		07152E3020CA22F500326D52 /* NoteViewController.swift in Sources */ = {isa = PBXBuildFile; fileRef = 07152E2F20CA22F500326D52 /* NoteViewController.swift */; };
		07152E3220CA23D000326D52 /* CardSegue.swift in Sources */ = {isa = PBXBuildFile; fileRef = 07152E3120CA23D000326D52 /* CardSegue.swift */; };
		072175CB20B50D2800529879 /* AppDelegate.swift in Sources */ = {isa = PBXBuildFile; fileRef = 072175CA20B50D2800529879 /* AppDelegate.swift */; };
		072175CD20B50D2800529879 /* ViewController.swift in Sources */ = {isa = PBXBuildFile; fileRef = 072175CC20B50D2800529879 /* ViewController.swift */; };
		072175D020B50D2800529879 /* Main.storyboard in Resources */ = {isa = PBXBuildFile; fileRef = 072175CE20B50D2800529879 /* Main.storyboard */; };
		072175D220B50D2B00529879 /* Assets.xcassets in Resources */ = {isa = PBXBuildFile; fileRef = 072175D120B50D2B00529879 /* Assets.xcassets */; };
		072175D520B50D2B00529879 /* LaunchScreen.storyboard in Resources */ = {isa = PBXBuildFile; fileRef = 072175D320B50D2B00529879 /* LaunchScreen.storyboard */; };
		072175E020B50D2B00529879 /* iCardsTests.swift in Sources */ = {isa = PBXBuildFile; fileRef = 072175DF20B50D2B00529879 /* iCardsTests.swift */; };
		072175EB20B50D2B00529879 /* iCardsUITests.swift in Sources */ = {isa = PBXBuildFile; fileRef = 072175EA20B50D2B00529879 /* iCardsUITests.swift */; };
		072175F920B50DE800529879 /* GoogleService-Info.plist in Resources */ = {isa = PBXBuildFile; fileRef = 072175F820B50DE800529879 /* GoogleService-Info.plist */; };
		0729432620BBF37D009FA3D4 /* Style.swift in Sources */ = {isa = PBXBuildFile; fileRef = 072942EC20BBF37D009FA3D4 /* Style.swift */; };
		0729432720BBF37D009FA3D4 /* Constants.swift in Sources */ = {isa = PBXBuildFile; fileRef = 072942EE20BBF37D009FA3D4 /* Constants.swift */; };
		0729432820BBF37D009FA3D4 /* Services.swift in Sources */ = {isa = PBXBuildFile; fileRef = 072942EF20BBF37D009FA3D4 /* Services.swift */; };
		0729432920BBF37D009FA3D4 /* Requests.swift in Sources */ = {isa = PBXBuildFile; fileRef = 072942F020BBF37D009FA3D4 /* Requests.swift */; };
		0729432A20BBF37D009FA3D4 /* UsagePath.swift in Sources */ = {isa = PBXBuildFile; fileRef = 072942F220BBF37D009FA3D4 /* UsagePath.swift */; };
		0729432E20BBF37D009FA3D4 /* CGFloatExtensions.swift in Sources */ = {isa = PBXBuildFile; fileRef = 072942F720BBF37D009FA3D4 /* CGFloatExtensions.swift */; };
		0729432F20BBF37D009FA3D4 /* UIViewControllerExtensions.swift in Sources */ = {isa = PBXBuildFile; fileRef = 072942F820BBF37D009FA3D4 /* UIViewControllerExtensions.swift */; };
		0729433D20BBF37D009FA3D4 /* PopoverViewController.swift in Sources */ = {isa = PBXBuildFile; fileRef = 0729430820BBF37D009FA3D4 /* PopoverViewController.swift */; };
		0729434320BBF37D009FA3D4 /* SettingsViewController.swift in Sources */ = {isa = PBXBuildFile; fileRef = 0729430E20BBF37D009FA3D4 /* SettingsViewController.swift */; };
		0729435B20BBF42C009FA3D4 /* BaseAdapter.swift in Sources */ = {isa = PBXBuildFile; fileRef = 0729435A20BBF42C009FA3D4 /* BaseAdapter.swift */; };
		0729435D20BBF5DE009FA3D4 /* SplashViewController.swift in Sources */ = {isa = PBXBuildFile; fileRef = 0729435C20BBF5DE009FA3D4 /* SplashViewController.swift */; };
		0987C5541421AB4467B68B15 /* Pods_iCards.framework in Frameworks */ = {isa = PBXBuildFile; fileRef = 0D542213061CFACCC5DEBAFE /* Pods_iCards.framework */; };
/* End PBXBuildFile section */

/* Begin PBXContainerItemProxy section */
		072175DC20B50D2B00529879 /* PBXContainerItemProxy */ = {
			isa = PBXContainerItemProxy;
			containerPortal = 072175BF20B50D2800529879 /* Project object */;
			proxyType = 1;
			remoteGlobalIDString = 072175C620B50D2800529879;
			remoteInfo = iCards;
		};
		072175E720B50D2B00529879 /* PBXContainerItemProxy */ = {
			isa = PBXContainerItemProxy;
			containerPortal = 072175BF20B50D2800529879 /* Project object */;
			proxyType = 1;
			remoteGlobalIDString = 072175C620B50D2800529879;
			remoteInfo = iCards;
		};
/* End PBXContainerItemProxy section */

/* Begin PBXFileReference section */
		07152DF120C4DA9600326D52 /* CrossFadeSegue.swift */ = {isa = PBXFileReference; fileEncoding = 4; lastKnownFileType = sourcecode.swift; path = CrossFadeSegue.swift; sourceTree = "<group>"; };
		07152DF320C4DBCC00326D52 /* SegueId.swift */ = {isa = PBXFileReference; lastKnownFileType = sourcecode.swift; path = SegueId.swift; sourceTree = "<group>"; };
		07152DF620C4DF2300326D52 /* FirebaseCloudMessageExtensions.swift */ = {isa = PBXFileReference; lastKnownFileType = sourcecode.swift; path = FirebaseCloudMessageExtensions.swift; sourceTree = "<group>"; };
		07152DF820C4DF8300326D52 /* FirebaseAuthExtensions.swift */ = {isa = PBXFileReference; lastKnownFileType = sourcecode.swift; path = FirebaseAuthExtensions.swift; sourceTree = "<group>"; };
		07152DFA20C4E16700326D52 /* Log.swift */ = {isa = PBXFileReference; lastKnownFileType = sourcecode.swift; path = Log.swift; sourceTree = "<group>"; };
		07152DFC20C5285200326D52 /* Models.swift */ = {isa = PBXFileReference; lastKnownFileType = sourcecode.swift; path = Models.swift; sourceTree = "<group>"; };
		07152E0320C53C7000326D52 /* CardsViewController.swift */ = {isa = PBXFileReference; lastKnownFileType = sourcecode.swift; path = CardsViewController.swift; sourceTree = "<group>"; };
		07152E0520C53E6A00326D52 /* ReviewCardsViewController.swift */ = {isa = PBXFileReference; lastKnownFileType = sourcecode.swift; path = ReviewCardsViewController.swift; sourceTree = "<group>"; };
		07152E0C20C53F6C00326D52 /* BaseViewController.swift */ = {isa = PBXFileReference; fileEncoding = 4; lastKnownFileType = sourcecode.swift; path = BaseViewController.swift; sourceTree = "<group>"; };
		07152E0D20C53F6C00326D52 /* TabViewController.swift */ = {isa = PBXFileReference; fileEncoding = 4; lastKnownFileType = sourcecode.swift; path = TabViewController.swift; sourceTree = "<group>"; };
		07152E0E20C53F6C00326D52 /* NavigationViewController.swift */ = {isa = PBXFileReference; fileEncoding = 4; lastKnownFileType = sourcecode.swift; path = NavigationViewController.swift; sourceTree = "<group>"; };
		07152E1520C5421700326D52 /* ProjectBaseAdapter.swift */ = {isa = PBXFileReference; fileEncoding = 4; lastKnownFileType = sourcecode.swift; path = ProjectBaseAdapter.swift; sourceTree = "<group>"; };
		07152E1720C5424300326D52 /* CardCell.swift */ = {isa = PBXFileReference; lastKnownFileType = sourcecode.swift; path = CardCell.swift; sourceTree = "<group>"; };
		07152E1B20C6827200326D52 /* CellItemConvertible.swift */ = {isa = PBXFileReference; lastKnownFileType = sourcecode.swift; path = CellItemConvertible.swift; sourceTree = "<group>"; };
		07152E2520C9032600326D52 /* notebooks.json */ = {isa = PBXFileReference; fileEncoding = 4; lastKnownFileType = text.json; path = notebooks.json; sourceTree = "<group>"; };
		07152E2720C92E5900326D52 /* NotebookDatasource.swift */ = {isa = PBXFileReference; lastKnownFileType = sourcecode.swift; path = NotebookDatasource.swift; sourceTree = "<group>"; };
		07152E2920CA130900326D52 /* notebook_tong.json */ = {isa = PBXFileReference; fileEncoding = 4; lastKnownFileType = text.json; path = notebook_tong.json; sourceTree = "<group>"; };
		07152E2A20CA130A00326D52 /* notebook_doudou.json */ = {isa = PBXFileReference; fileEncoding = 4; lastKnownFileType = text.json; path = notebook_doudou.json; sourceTree = "<group>"; };
		07152E2D20CA1BE400326D52 /* test.json */ = {isa = PBXFileReference; fileEncoding = 4; lastKnownFileType = text.json; path = test.json; sourceTree = "<group>"; };
		07152E2F20CA22F500326D52 /* NoteViewController.swift */ = {isa = PBXFileReference; lastKnownFileType = sourcecode.swift; path = NoteViewController.swift; sourceTree = "<group>"; };
		07152E3120CA23D000326D52 /* CardSegue.swift */ = {isa = PBXFileReference; lastKnownFileType = sourcecode.swift; path = CardSegue.swift; sourceTree = "<group>"; };
		072175C720B50D2800529879 /* iCards.app */ = {isa = PBXFileReference; explicitFileType = wrapper.application; includeInIndex = 0; path = iCards.app; sourceTree = BUILT_PRODUCTS_DIR; };
		072175CA20B50D2800529879 /* AppDelegate.swift */ = {isa = PBXFileReference; lastKnownFileType = sourcecode.swift; path = AppDelegate.swift; sourceTree = "<group>"; };
		072175CC20B50D2800529879 /* ViewController.swift */ = {isa = PBXFileReference; lastKnownFileType = sourcecode.swift; path = ViewController.swift; sourceTree = "<group>"; };
		072175CF20B50D2800529879 /* Base */ = {isa = PBXFileReference; lastKnownFileType = file.storyboard; name = Base; path = Base.lproj/Main.storyboard; sourceTree = "<group>"; };
		072175D120B50D2B00529879 /* Assets.xcassets */ = {isa = PBXFileReference; lastKnownFileType = folder.assetcatalog; path = Assets.xcassets; sourceTree = "<group>"; };
		072175D420B50D2B00529879 /* Base */ = {isa = PBXFileReference; lastKnownFileType = file.storyboard; name = Base; path = Base.lproj/LaunchScreen.storyboard; sourceTree = "<group>"; };
		072175D620B50D2B00529879 /* Info.plist */ = {isa = PBXFileReference; lastKnownFileType = text.plist.xml; path = Info.plist; sourceTree = "<group>"; };
		072175DB20B50D2B00529879 /* iCardsTests.xctest */ = {isa = PBXFileReference; explicitFileType = wrapper.cfbundle; includeInIndex = 0; path = iCardsTests.xctest; sourceTree = BUILT_PRODUCTS_DIR; };
		072175DF20B50D2B00529879 /* iCardsTests.swift */ = {isa = PBXFileReference; lastKnownFileType = sourcecode.swift; path = iCardsTests.swift; sourceTree = "<group>"; };
		072175E120B50D2B00529879 /* Info.plist */ = {isa = PBXFileReference; lastKnownFileType = text.plist.xml; path = Info.plist; sourceTree = "<group>"; };
		072175E620B50D2B00529879 /* iCardsUITests.xctest */ = {isa = PBXFileReference; explicitFileType = wrapper.cfbundle; includeInIndex = 0; path = iCardsUITests.xctest; sourceTree = BUILT_PRODUCTS_DIR; };
		072175EA20B50D2B00529879 /* iCardsUITests.swift */ = {isa = PBXFileReference; lastKnownFileType = sourcecode.swift; path = iCardsUITests.swift; sourceTree = "<group>"; };
		072175EC20B50D2B00529879 /* Info.plist */ = {isa = PBXFileReference; lastKnownFileType = text.plist.xml; path = Info.plist; sourceTree = "<group>"; };
		072175F820B50DE800529879 /* GoogleService-Info.plist */ = {isa = PBXFileReference; fileEncoding = 4; lastKnownFileType = text.plist.xml; path = "GoogleService-Info.plist"; sourceTree = "<group>"; };
		072942EC20BBF37D009FA3D4 /* Style.swift */ = {isa = PBXFileReference; fileEncoding = 4; lastKnownFileType = sourcecode.swift; path = Style.swift; sourceTree = "<group>"; };
		072942EE20BBF37D009FA3D4 /* Constants.swift */ = {isa = PBXFileReference; fileEncoding = 4; lastKnownFileType = sourcecode.swift; path = Constants.swift; sourceTree = "<group>"; };
		072942EF20BBF37D009FA3D4 /* Services.swift */ = {isa = PBXFileReference; fileEncoding = 4; lastKnownFileType = sourcecode.swift; path = Services.swift; sourceTree = "<group>"; };
		072942F020BBF37D009FA3D4 /* Requests.swift */ = {isa = PBXFileReference; fileEncoding = 4; lastKnownFileType = sourcecode.swift; path = Requests.swift; sourceTree = "<group>"; };
		072942F220BBF37D009FA3D4 /* UsagePath.swift */ = {isa = PBXFileReference; fileEncoding = 4; lastKnownFileType = sourcecode.swift; path = UsagePath.swift; sourceTree = "<group>"; };
		072942F720BBF37D009FA3D4 /* CGFloatExtensions.swift */ = {isa = PBXFileReference; fileEncoding = 4; lastKnownFileType = sourcecode.swift; path = CGFloatExtensions.swift; sourceTree = "<group>"; };
		072942F820BBF37D009FA3D4 /* UIViewControllerExtensions.swift */ = {isa = PBXFileReference; fileEncoding = 4; lastKnownFileType = sourcecode.swift; path = UIViewControllerExtensions.swift; sourceTree = "<group>"; };
		0729430820BBF37D009FA3D4 /* PopoverViewController.swift */ = {isa = PBXFileReference; fileEncoding = 4; lastKnownFileType = sourcecode.swift; path = PopoverViewController.swift; sourceTree = "<group>"; };
		0729430E20BBF37D009FA3D4 /* SettingsViewController.swift */ = {isa = PBXFileReference; fileEncoding = 4; lastKnownFileType = sourcecode.swift; path = SettingsViewController.swift; sourceTree = "<group>"; };
		0729435A20BBF42C009FA3D4 /* BaseAdapter.swift */ = {isa = PBXFileReference; lastKnownFileType = sourcecode.swift; path = BaseAdapter.swift; sourceTree = "<group>"; };
		0729435C20BBF5DE009FA3D4 /* SplashViewController.swift */ = {isa = PBXFileReference; lastKnownFileType = sourcecode.swift; path = SplashViewController.swift; sourceTree = "<group>"; };
		07665E4320B804450011A269 /* iCards.entitlements */ = {isa = PBXFileReference; lastKnownFileType = text.plist.entitlements; name = iCards.entitlements; path = ../iCards.entitlements; sourceTree = "<group>"; };
		0D542213061CFACCC5DEBAFE /* Pods_iCards.framework */ = {isa = PBXFileReference; explicitFileType = wrapper.framework; includeInIndex = 0; path = Pods_iCards.framework; sourceTree = BUILT_PRODUCTS_DIR; };
		8A64A20897BDA0BE55A61A52 /* Pods-iCards.release.xcconfig */ = {isa = PBXFileReference; includeInIndex = 1; lastKnownFileType = text.xcconfig; name = "Pods-iCards.release.xcconfig"; path = "../Pods/Target Support Files/Pods-iCards/Pods-iCards.release.xcconfig"; sourceTree = "<group>"; };
		E2473424890CCAD97D8FA259 /* Pods-iCards.debug.xcconfig */ = {isa = PBXFileReference; includeInIndex = 1; lastKnownFileType = text.xcconfig; name = "Pods-iCards.debug.xcconfig"; path = "../Pods/Target Support Files/Pods-iCards/Pods-iCards.debug.xcconfig"; sourceTree = "<group>"; };
/* End PBXFileReference section */

/* Begin PBXFrameworksBuildPhase section */
		072175C420B50D2800529879 /* Frameworks */ = {
			isa = PBXFrameworksBuildPhase;
			buildActionMask = 2147483647;
			files = (
				0987C5541421AB4467B68B15 /* Pods_iCards.framework in Frameworks */,
			);
			runOnlyForDeploymentPostprocessing = 0;
		};
		072175D820B50D2B00529879 /* Frameworks */ = {
			isa = PBXFrameworksBuildPhase;
			buildActionMask = 2147483647;
			files = (
			);
			runOnlyForDeploymentPostprocessing = 0;
		};
		072175E320B50D2B00529879 /* Frameworks */ = {
			isa = PBXFrameworksBuildPhase;
			buildActionMask = 2147483647;
			files = (
			);
			runOnlyForDeploymentPostprocessing = 0;
		};
/* End PBXFrameworksBuildPhase section */

/* Begin PBXGroup section */
		07152DF020C4DA9600326D52 /* Segue */ = {
			isa = PBXGroup;
			children = (
				07152DF120C4DA9600326D52 /* CrossFadeSegue.swift */,
				07152E3120CA23D000326D52 /* CardSegue.swift */,
				07152DF320C4DBCC00326D52 /* SegueId.swift */,
			);
			path = Segue;
			sourceTree = "<group>";
		};
		07152DF520C4DEE900326D52 /* Firebase */ = {
			isa = PBXGroup;
			children = (
				07152DF620C4DF2300326D52 /* FirebaseCloudMessageExtensions.swift */,
				07152DF820C4DF8300326D52 /* FirebaseAuthExtensions.swift */,
			);
			path = Firebase;
			sourceTree = "<group>";
		};
		07152E0B20C53F6C00326D52 /* Common */ = {
			isa = PBXGroup;
			children = (
				07152E0C20C53F6C00326D52 /* BaseViewController.swift */,
				07152E0D20C53F6C00326D52 /* TabViewController.swift */,
				07152E0E20C53F6C00326D52 /* NavigationViewController.swift */,
			);
			path = Common;
			sourceTree = "<group>";
		};
		07152E1420C5421700326D52 /* Table */ = {
			isa = PBXGroup;
			children = (
				07152E1520C5421700326D52 /* ProjectBaseAdapter.swift */,
				07152E1720C5424300326D52 /* CardCell.swift */,
				07152E1B20C6827200326D52 /* CellItemConvertible.swift */,
			);
			path = Table;
			sourceTree = "<group>";
		};
		07152E1F20C9017E00326D52 /* Resource */ = {
			isa = PBXGroup;
			children = (
				07152E2020C9017E00326D52 /* json */,
			);
			path = Resource;
			sourceTree = "<group>";
		};
		07152E2020C9017E00326D52 /* json */ = {
			isa = PBXGroup;
			children = (
				07152E2D20CA1BE400326D52 /* test.json */,
				07152E2520C9032600326D52 /* notebooks.json */,
				07152E2A20CA130A00326D52 /* notebook_doudou.json */,
				07152E2920CA130900326D52 /* notebook_tong.json */,
			);
			path = json;
			sourceTree = "<group>";
		};
		072175BE20B50D2800529879 = {
			isa = PBXGroup;
			children = (
				072175C920B50D2800529879 /* iCards */,
				072175DE20B50D2B00529879 /* iCardsTests */,
				072175E920B50D2B00529879 /* iCardsUITests */,
				072175C820B50D2800529879 /* Products */,
				41F42375ABAB8800C61AA965 /* Pods */,
				1DD275E52B873DEE96CA2FBD /* Frameworks */,
			);
			sourceTree = "<group>";
		};
		072175C820B50D2800529879 /* Products */ = {
			isa = PBXGroup;
			children = (
				072175C720B50D2800529879 /* iCards.app */,
				072175DB20B50D2B00529879 /* iCardsTests.xctest */,
				072175E620B50D2B00529879 /* iCardsUITests.xctest */,
			);
			name = Products;
			sourceTree = "<group>";
		};
		072175C920B50D2800529879 /* iCards */ = {
			isa = PBXGroup;
			children = (
				072175CA20B50D2800529879 /* AppDelegate.swift */,
				072175CC20B50D2800529879 /* ViewController.swift */,
				072942EA20BBF37D009FA3D4 /* Source */,
				07152E1F20C9017E00326D52 /* Resource */,
				072175FA20B513DB00529879 /* SupportingFiles */,
			);
			path = iCards;
			sourceTree = "<group>";
		};
		072175DE20B50D2B00529879 /* iCardsTests */ = {
			isa = PBXGroup;
			children = (
				072175DF20B50D2B00529879 /* iCardsTests.swift */,
				072175E120B50D2B00529879 /* Info.plist */,
			);
			path = iCardsTests;
			sourceTree = "<group>";
		};
		072175E920B50D2B00529879 /* iCardsUITests */ = {
			isa = PBXGroup;
			children = (
				072175EA20B50D2B00529879 /* iCardsUITests.swift */,
				072175EC20B50D2B00529879 /* Info.plist */,
			);
			path = iCardsUITests;
			sourceTree = "<group>";
		};
		072175FA20B513DB00529879 /* SupportingFiles */ = {
			isa = PBXGroup;
			children = (
				07665E4320B804450011A269 /* iCards.entitlements */,
				072175CE20B50D2800529879 /* Main.storyboard */,
				072175D120B50D2B00529879 /* Assets.xcassets */,
				072175D320B50D2B00529879 /* LaunchScreen.storyboard */,
				072175D620B50D2B00529879 /* Info.plist */,
				072175F820B50DE800529879 /* GoogleService-Info.plist */,
			);
			path = SupportingFiles;
			sourceTree = "<group>";
		};
		072942EA20BBF37D009FA3D4 /* Source */ = {
			isa = PBXGroup;
			children = (
				07152DF520C4DEE900326D52 /* Firebase */,
				072942EB20BBF37D009FA3D4 /* UI */,
				072942ED20BBF37D009FA3D4 /* Networking */,
				072942F120BBF37D009FA3D4 /* Models */,
				072942F620BBF37D009FA3D4 /* Common */,
				072942F920BBF37D009FA3D4 /* ViewControllers */,
				0729430F20BBF37D009FA3D4 /* Table */,
			);
			path = Source;
			sourceTree = "<group>";
		};
		072942EB20BBF37D009FA3D4 /* UI */ = {
			isa = PBXGroup;
			children = (
				072942EC20BBF37D009FA3D4 /* Style.swift */,
			);
			path = UI;
			sourceTree = "<group>";
		};
		072942ED20BBF37D009FA3D4 /* Networking */ = {
			isa = PBXGroup;
			children = (
				072942EE20BBF37D009FA3D4 /* Constants.swift */,
				072942EF20BBF37D009FA3D4 /* Services.swift */,
				072942F020BBF37D009FA3D4 /* Requests.swift */,
			);
			path = Networking;
			sourceTree = "<group>";
		};
		072942F120BBF37D009FA3D4 /* Models */ = {
			isa = PBXGroup;
			children = (
				072942F220BBF37D009FA3D4 /* UsagePath.swift */,
				07152DFC20C5285200326D52 /* Models.swift */,
				07152E2720C92E5900326D52 /* NotebookDatasource.swift */,
			);
			path = Models;
			sourceTree = "<group>";
		};
		072942F620BBF37D009FA3D4 /* Common */ = {
			isa = PBXGroup;
			children = (
				072942F720BBF37D009FA3D4 /* CGFloatExtensions.swift */,
				072942F820BBF37D009FA3D4 /* UIViewControllerExtensions.swift */,
				07152DFA20C4E16700326D52 /* Log.swift */,
			);
			path = Common;
			sourceTree = "<group>";
		};
		072942F920BBF37D009FA3D4 /* ViewControllers */ = {
			isa = PBXGroup;
			children = (
				07152E1420C5421700326D52 /* Table */,
				07152DF020C4DA9600326D52 /* Segue */,
				0729430720BBF37D009FA3D4 /* Popover */,
				07152E0B20C53F6C00326D52 /* Common */,
				0729435C20BBF5DE009FA3D4 /* SplashViewController.swift */,
				07152E0320C53C7000326D52 /* CardsViewController.swift */,
				07152E0520C53E6A00326D52 /* ReviewCardsViewController.swift */,
				07152E2F20CA22F500326D52 /* NoteViewController.swift */,
				0729430E20BBF37D009FA3D4 /* SettingsViewController.swift */,
			);
			path = ViewControllers;
			sourceTree = "<group>";
		};
		0729430720BBF37D009FA3D4 /* Popover */ = {
			isa = PBXGroup;
			children = (
				0729430820BBF37D009FA3D4 /* PopoverViewController.swift */,
			);
			path = Popover;
			sourceTree = "<group>";
		};
		0729430F20BBF37D009FA3D4 /* Table */ = {
			isa = PBXGroup;
			children = (
				0729435A20BBF42C009FA3D4 /* BaseAdapter.swift */,
			);
			path = Table;
			sourceTree = "<group>";
		};
		1DD275E52B873DEE96CA2FBD /* Frameworks */ = {
			isa = PBXGroup;
			children = (
				0D542213061CFACCC5DEBAFE /* Pods_iCards.framework */,
			);
			name = Frameworks;
			sourceTree = "<group>";
		};
		41F42375ABAB8800C61AA965 /* Pods */ = {
			isa = PBXGroup;
			children = (
				E2473424890CCAD97D8FA259 /* Pods-iCards.debug.xcconfig */,
				8A64A20897BDA0BE55A61A52 /* Pods-iCards.release.xcconfig */,
			);
			name = Pods;
			sourceTree = "<group>";
		};
/* End PBXGroup section */

/* Begin PBXNativeTarget section */
		072175C620B50D2800529879 /* iCards */ = {
			isa = PBXNativeTarget;
			buildConfigurationList = 072175EF20B50D2B00529879 /* Build configuration list for PBXNativeTarget "iCards" */;
			buildPhases = (
				007DB4223C5B885F4147306E /* [CP] Check Pods Manifest.lock */,
				072175C320B50D2800529879 /* Sources */,
				072175C420B50D2800529879 /* Frameworks */,
				072175C520B50D2800529879 /* Resources */,
				4B151B5724339291EF381CE3 /* [CP] Embed Pods Frameworks */,
				CFC61D0EF18BA36785DFE3EB /* [CP] Copy Pods Resources */,
			);
			buildRules = (
			);
			dependencies = (
			);
			name = iCards;
			productName = iCards;
			productReference = 072175C720B50D2800529879 /* iCards.app */;
			productType = "com.apple.product-type.application";
		};
		072175DA20B50D2B00529879 /* iCardsTests */ = {
			isa = PBXNativeTarget;
			buildConfigurationList = 072175F220B50D2B00529879 /* Build configuration list for PBXNativeTarget "iCardsTests" */;
			buildPhases = (
				072175D720B50D2B00529879 /* Sources */,
				072175D820B50D2B00529879 /* Frameworks */,
				072175D920B50D2B00529879 /* Resources */,
			);
			buildRules = (
			);
			dependencies = (
				072175DD20B50D2B00529879 /* PBXTargetDependency */,
			);
			name = iCardsTests;
			productName = iCardsTests;
			productReference = 072175DB20B50D2B00529879 /* iCardsTests.xctest */;
			productType = "com.apple.product-type.bundle.unit-test";
		};
		072175E520B50D2B00529879 /* iCardsUITests */ = {
			isa = PBXNativeTarget;
			buildConfigurationList = 072175F520B50D2B00529879 /* Build configuration list for PBXNativeTarget "iCardsUITests" */;
			buildPhases = (
				072175E220B50D2B00529879 /* Sources */,
				072175E320B50D2B00529879 /* Frameworks */,
				072175E420B50D2B00529879 /* Resources */,
			);
			buildRules = (
			);
			dependencies = (
				072175E820B50D2B00529879 /* PBXTargetDependency */,
			);
			name = iCardsUITests;
			productName = iCardsUITests;
			productReference = 072175E620B50D2B00529879 /* iCardsUITests.xctest */;
			productType = "com.apple.product-type.bundle.ui-testing";
		};
/* End PBXNativeTarget section */

/* Begin PBXProject section */
		072175BF20B50D2800529879 /* Project object */ = {
			isa = PBXProject;
			attributes = {
				LastSwiftUpdateCheck = 0930;
				LastUpgradeCheck = 0930;
				ORGANIZATIONNAME = LuckyTR;
				TargetAttributes = {
					072175C620B50D2800529879 = {
						CreatedOnToolsVersion = 9.3;
						SystemCapabilities = {
							com.apple.BackgroundModes = {
								enabled = 1;
							};
							com.apple.Push = {
								enabled = 1;
							};
						};
					};
					072175DA20B50D2B00529879 = {
						CreatedOnToolsVersion = 9.3;
						TestTargetID = 072175C620B50D2800529879;
					};
					072175E520B50D2B00529879 = {
						CreatedOnToolsVersion = 9.3;
						TestTargetID = 072175C620B50D2800529879;
					};
				};
			};
			buildConfigurationList = 072175C220B50D2800529879 /* Build configuration list for PBXProject "iCards" */;
			compatibilityVersion = "Xcode 9.3";
			developmentRegion = en;
			hasScannedForEncodings = 0;
			knownRegions = (
				en,
				Base,
			);
			mainGroup = 072175BE20B50D2800529879;
			productRefGroup = 072175C820B50D2800529879 /* Products */;
			projectDirPath = "";
			projectRoot = "";
			targets = (
				072175C620B50D2800529879 /* iCards */,
				072175DA20B50D2B00529879 /* iCardsTests */,
				072175E520B50D2B00529879 /* iCardsUITests */,
			);
		};
/* End PBXProject section */

/* Begin PBXResourcesBuildPhase section */
		072175C520B50D2800529879 /* Resources */ = {
			isa = PBXResourcesBuildPhase;
			buildActionMask = 2147483647;
			files = (
				072175D520B50D2B00529879 /* LaunchScreen.storyboard in Resources */,
				07152E2E20CA1BE400326D52 /* test.json in Resources */,
				072175F920B50DE800529879 /* GoogleService-Info.plist in Resources */,
				07152E2B20CA130A00326D52 /* notebook_tong.json in Resources */,
				072175D220B50D2B00529879 /* Assets.xcassets in Resources */,
				072175D020B50D2800529879 /* Main.storyboard in Resources */,
				07152E2620C9032600326D52 /* notebooks.json in Resources */,
				07152E2C20CA130A00326D52 /* notebook_doudou.json in Resources */,
			);
			runOnlyForDeploymentPostprocessing = 0;
		};
		072175D920B50D2B00529879 /* Resources */ = {
			isa = PBXResourcesBuildPhase;
			buildActionMask = 2147483647;
			files = (
			);
			runOnlyForDeploymentPostprocessing = 0;
		};
		072175E420B50D2B00529879 /* Resources */ = {
			isa = PBXResourcesBuildPhase;
			buildActionMask = 2147483647;
			files = (
			);
			runOnlyForDeploymentPostprocessing = 0;
		};
/* End PBXResourcesBuildPhase section */

/* Begin PBXShellScriptBuildPhase section */
		007DB4223C5B885F4147306E /* [CP] Check Pods Manifest.lock */ = {
			isa = PBXShellScriptBuildPhase;
			buildActionMask = 2147483647;
			files = (
			);
			inputPaths = (
				"${PODS_PODFILE_DIR_PATH}/Podfile.lock",
				"${PODS_ROOT}/Manifest.lock",
			);
			name = "[CP] Check Pods Manifest.lock";
			outputPaths = (
				"$(DERIVED_FILE_DIR)/Pods-iCards-checkManifestLockResult.txt",
			);
			runOnlyForDeploymentPostprocessing = 0;
			shellPath = /bin/sh;
			shellScript = "diff \"${PODS_PODFILE_DIR_PATH}/Podfile.lock\" \"${PODS_ROOT}/Manifest.lock\" > /dev/null\nif [ $? != 0 ] ; then\n    # print error to STDERR\n    echo \"error: The sandbox is not in sync with the Podfile.lock. Run 'pod install' or update your CocoaPods installation.\" >&2\n    exit 1\nfi\n# This output is used by Xcode 'outputs' to avoid re-running this script phase.\necho \"SUCCESS\" > \"${SCRIPT_OUTPUT_FILE_0}\"\n";
			showEnvVarsInLog = 0;
		};
		4B151B5724339291EF381CE3 /* [CP] Embed Pods Frameworks */ = {
			isa = PBXShellScriptBuildPhase;
			buildActionMask = 2147483647;
			files = (
			);
			inputPaths = (
				"${SRCROOT}/../Pods/Target Support Files/Pods-iCards/Pods-iCards-frameworks.sh",
				"${BUILT_PRODUCTS_DIR}/Alamofire/Alamofire.framework",
				"${BUILT_PRODUCTS_DIR}/BoringSSL/openssl.framework",
				"${BUILT_PRODUCTS_DIR}/GTMSessionFetcher/GTMSessionFetcher.framework",
				"${BUILT_PRODUCTS_DIR}/GoogleToolboxForMac/GoogleToolboxForMac.framework",
				"${BUILT_PRODUCTS_DIR}/MarkdownView/MarkdownView.framework",
				"${BUILT_PRODUCTS_DIR}/OHHTTPStubs/OHHTTPStubs.framework",
				"${BUILT_PRODUCTS_DIR}/Protobuf/Protobuf.framework",
				"${BUILT_PRODUCTS_DIR}/SDWebImage/SDWebImage.framework",
				"${BUILT_PRODUCTS_DIR}/SnapKit/SnapKit.framework",
				"${BUILT_PRODUCTS_DIR}/SwiftyBeaver/SwiftyBeaver.framework",
				"${BUILT_PRODUCTS_DIR}/gRPC/GRPCClient.framework",
				"${BUILT_PRODUCTS_DIR}/gRPC-Core/grpc.framework",
				"${BUILT_PRODUCTS_DIR}/gRPC-ProtoRPC/ProtoRPC.framework",
				"${BUILT_PRODUCTS_DIR}/gRPC-RxLibrary/RxLibrary.framework",
				"${BUILT_PRODUCTS_DIR}/leveldb-library/leveldb.framework",
				"${BUILT_PRODUCTS_DIR}/nanopb/nanopb.framework",
				"${BUILT_PRODUCTS_DIR}/quickswift/quickswift.framework",
			);
			name = "[CP] Embed Pods Frameworks";
			outputPaths = (
				"${TARGET_BUILD_DIR}/${FRAMEWORKS_FOLDER_PATH}/Alamofire.framework",
				"${TARGET_BUILD_DIR}/${FRAMEWORKS_FOLDER_PATH}/openssl.framework",
				"${TARGET_BUILD_DIR}/${FRAMEWORKS_FOLDER_PATH}/GTMSessionFetcher.framework",
				"${TARGET_BUILD_DIR}/${FRAMEWORKS_FOLDER_PATH}/GoogleToolboxForMac.framework",
				"${TARGET_BUILD_DIR}/${FRAMEWORKS_FOLDER_PATH}/MarkdownView.framework",
				"${TARGET_BUILD_DIR}/${FRAMEWORKS_FOLDER_PATH}/OHHTTPStubs.framework",
				"${TARGET_BUILD_DIR}/${FRAMEWORKS_FOLDER_PATH}/Protobuf.framework",
				"${TARGET_BUILD_DIR}/${FRAMEWORKS_FOLDER_PATH}/SDWebImage.framework",
				"${TARGET_BUILD_DIR}/${FRAMEWORKS_FOLDER_PATH}/SnapKit.framework",
				"${TARGET_BUILD_DIR}/${FRAMEWORKS_FOLDER_PATH}/SwiftyBeaver.framework",
				"${TARGET_BUILD_DIR}/${FRAMEWORKS_FOLDER_PATH}/GRPCClient.framework",
				"${TARGET_BUILD_DIR}/${FRAMEWORKS_FOLDER_PATH}/grpc.framework",
				"${TARGET_BUILD_DIR}/${FRAMEWORKS_FOLDER_PATH}/ProtoRPC.framework",
				"${TARGET_BUILD_DIR}/${FRAMEWORKS_FOLDER_PATH}/RxLibrary.framework",
				"${TARGET_BUILD_DIR}/${FRAMEWORKS_FOLDER_PATH}/leveldb.framework",
				"${TARGET_BUILD_DIR}/${FRAMEWORKS_FOLDER_PATH}/nanopb.framework",
				"${TARGET_BUILD_DIR}/${FRAMEWORKS_FOLDER_PATH}/quickswift.framework",
			);
			runOnlyForDeploymentPostprocessing = 0;
			shellPath = /bin/sh;
			shellScript = "\"${SRCROOT}/../Pods/Target Support Files/Pods-iCards/Pods-iCards-frameworks.sh\"\n";
			showEnvVarsInLog = 0;
		};
		CFC61D0EF18BA36785DFE3EB /* [CP] Copy Pods Resources */ = {
			isa = PBXShellScriptBuildPhase;
			buildActionMask = 2147483647;
			files = (
			);
			inputPaths = (
				"${SRCROOT}/../Pods/Target Support Files/Pods-iCards/Pods-iCards-resources.sh",
				"${PODS_CONFIGURATION_BUILD_DIR}/FirebaseUI/FirebaseAuthUI.bundle",
				"${PODS_CONFIGURATION_BUILD_DIR}/FirebaseUI/FirebasePhoneAuthUI.bundle",
			);
			name = "[CP] Copy Pods Resources";
			outputPaths = (
				"${TARGET_BUILD_DIR}/${UNLOCALIZED_RESOURCES_FOLDER_PATH}/FirebaseAuthUI.bundle",
				"${TARGET_BUILD_DIR}/${UNLOCALIZED_RESOURCES_FOLDER_PATH}/FirebasePhoneAuthUI.bundle",
			);
			runOnlyForDeploymentPostprocessing = 0;
			shellPath = /bin/sh;
			shellScript = "\"${SRCROOT}/../Pods/Target Support Files/Pods-iCards/Pods-iCards-resources.sh\"\n";
			showEnvVarsInLog = 0;
		};
/* End PBXShellScriptBuildPhase section */

/* Begin PBXSourcesBuildPhase section */
		072175C320B50D2800529879 /* Sources */ = {
			isa = PBXSourcesBuildPhase;
			buildActionMask = 2147483647;
			files = (
				07152E1120C53F6C00326D52 /* NavigationViewController.swift in Sources */,
				0729433D20BBF37D009FA3D4 /* PopoverViewController.swift in Sources */,
				0729432820BBF37D009FA3D4 /* Services.swift in Sources */,
				07152DF420C4DBCC00326D52 /* SegueId.swift in Sources */,
				0729434320BBF37D009FA3D4 /* SettingsViewController.swift in Sources */,
				07152E3220CA23D000326D52 /* CardSegue.swift in Sources */,
				072175CD20B50D2800529879 /* ViewController.swift in Sources */,
				0729435B20BBF42C009FA3D4 /* BaseAdapter.swift in Sources */,
				0729435D20BBF5DE009FA3D4 /* SplashViewController.swift in Sources */,
				07152E3020CA22F500326D52 /* NoteViewController.swift in Sources */,
				0729432A20BBF37D009FA3D4 /* UsagePath.swift in Sources */,
				07152E0420C53C7000326D52 /* CardsViewController.swift in Sources */,
				07152DF920C4DF8300326D52 /* FirebaseAuthExtensions.swift in Sources */,
				07152E1920C5424300326D52 /* CardCell.swift in Sources */,
				0729432F20BBF37D009FA3D4 /* UIViewControllerExtensions.swift in Sources */,
				07152E1620C5421700326D52 /* ProjectBaseAdapter.swift in Sources */,
				07152E0620C53E6A00326D52 /* ReviewCardsViewController.swift in Sources */,
				0729432620BBF37D009FA3D4 /* Style.swift in Sources */,
				07152E0F20C53F6C00326D52 /* BaseViewController.swift in Sources */,
				07152E1020C53F6C00326D52 /* TabViewController.swift in Sources */,
				07152DF220C4DA9700326D52 /* CrossFadeSegue.swift in Sources */,
				07152E1C20C6827200326D52 /* CellItemConvertible.swift in Sources */,
				0729432920BBF37D009FA3D4 /* Requests.swift in Sources */,
				07152DFD20C5285200326D52 /* Models.swift in Sources */,
				07152DFB20C4E16700326D52 /* Log.swift in Sources */,
				07152E2820C92E5900326D52 /* NotebookDatasource.swift in Sources */,
				072175CB20B50D2800529879 /* AppDelegate.swift in Sources */,
				07152DF720C4DF2300326D52 /* FirebaseCloudMessageExtensions.swift in Sources */,
				0729432720BBF37D009FA3D4 /* Constants.swift in Sources */,
				0729432E20BBF37D009FA3D4 /* CGFloatExtensions.swift in Sources */,
			);
			runOnlyForDeploymentPostprocessing = 0;
		};
		072175D720B50D2B00529879 /* Sources */ = {
			isa = PBXSourcesBuildPhase;
			buildActionMask = 2147483647;
			files = (
				072175E020B50D2B00529879 /* iCardsTests.swift in Sources */,
			);
			runOnlyForDeploymentPostprocessing = 0;
		};
		072175E220B50D2B00529879 /* Sources */ = {
			isa = PBXSourcesBuildPhase;
			buildActionMask = 2147483647;
			files = (
				072175EB20B50D2B00529879 /* iCardsUITests.swift in Sources */,
			);
			runOnlyForDeploymentPostprocessing = 0;
		};
/* End PBXSourcesBuildPhase section */

/* Begin PBXTargetDependency section */
		072175DD20B50D2B00529879 /* PBXTargetDependency */ = {
			isa = PBXTargetDependency;
			target = 072175C620B50D2800529879 /* iCards */;
			targetProxy = 072175DC20B50D2B00529879 /* PBXContainerItemProxy */;
		};
		072175E820B50D2B00529879 /* PBXTargetDependency */ = {
			isa = PBXTargetDependency;
			target = 072175C620B50D2800529879 /* iCards */;
			targetProxy = 072175E720B50D2B00529879 /* PBXContainerItemProxy */;
		};
/* End PBXTargetDependency section */

/* Begin PBXVariantGroup section */
		072175CE20B50D2800529879 /* Main.storyboard */ = {
			isa = PBXVariantGroup;
			children = (
				072175CF20B50D2800529879 /* Base */,
			);
			name = Main.storyboard;
			sourceTree = "<group>";
		};
		072175D320B50D2B00529879 /* LaunchScreen.storyboard */ = {
			isa = PBXVariantGroup;
			children = (
				072175D420B50D2B00529879 /* Base */,
			);
			name = LaunchScreen.storyboard;
			sourceTree = "<group>";
		};
/* End PBXVariantGroup section */

/* Begin XCBuildConfiguration section */
		072175ED20B50D2B00529879 /* Debug */ = {
			isa = XCBuildConfiguration;
			buildSettings = {
				ALWAYS_SEARCH_USER_PATHS = NO;
				CLANG_ANALYZER_NONNULL = YES;
				CLANG_ANALYZER_NUMBER_OBJECT_CONVERSION = YES_AGGRESSIVE;
				CLANG_CXX_LANGUAGE_STANDARD = "gnu++14";
				CLANG_CXX_LIBRARY = "libc++";
				CLANG_ENABLE_MODULES = YES;
				CLANG_ENABLE_OBJC_ARC = YES;
				CLANG_ENABLE_OBJC_WEAK = YES;
				CLANG_WARN_BLOCK_CAPTURE_AUTORELEASING = YES;
				CLANG_WARN_BOOL_CONVERSION = YES;
				CLANG_WARN_COMMA = YES;
				CLANG_WARN_CONSTANT_CONVERSION = YES;
				CLANG_WARN_DEPRECATED_OBJC_IMPLEMENTATIONS = YES;
				CLANG_WARN_DIRECT_OBJC_ISA_USAGE = YES_ERROR;
				CLANG_WARN_DOCUMENTATION_COMMENTS = YES;
				CLANG_WARN_EMPTY_BODY = YES;
				CLANG_WARN_ENUM_CONVERSION = YES;
				CLANG_WARN_INFINITE_RECURSION = YES;
				CLANG_WARN_INT_CONVERSION = YES;
				CLANG_WARN_NON_LITERAL_NULL_CONVERSION = YES;
				CLANG_WARN_OBJC_IMPLICIT_RETAIN_SELF = YES;
				CLANG_WARN_OBJC_LITERAL_CONVERSION = YES;
				CLANG_WARN_OBJC_ROOT_CLASS = YES_ERROR;
				CLANG_WARN_RANGE_LOOP_ANALYSIS = YES;
				CLANG_WARN_STRICT_PROTOTYPES = YES;
				CLANG_WARN_SUSPICIOUS_MOVE = YES;
				CLANG_WARN_UNGUARDED_AVAILABILITY = YES_AGGRESSIVE;
				CLANG_WARN_UNREACHABLE_CODE = YES;
				CLANG_WARN__DUPLICATE_METHOD_MATCH = YES;
				CODE_SIGN_IDENTITY = "iPhone Developer";
				COPY_PHASE_STRIP = NO;
				DEBUG_INFORMATION_FORMAT = dwarf;
				ENABLE_STRICT_OBJC_MSGSEND = YES;
				ENABLE_TESTABILITY = YES;
				GCC_C_LANGUAGE_STANDARD = gnu11;
				GCC_DYNAMIC_NO_PIC = NO;
				GCC_NO_COMMON_BLOCKS = YES;
				GCC_OPTIMIZATION_LEVEL = 0;
				GCC_PREPROCESSOR_DEFINITIONS = (
					"DEBUG=1",
					"$(inherited)",
				);
				GCC_WARN_64_TO_32_BIT_CONVERSION = YES;
				GCC_WARN_ABOUT_RETURN_TYPE = YES_ERROR;
				GCC_WARN_UNDECLARED_SELECTOR = YES;
				GCC_WARN_UNINITIALIZED_AUTOS = YES_AGGRESSIVE;
				GCC_WARN_UNUSED_FUNCTION = YES;
				GCC_WARN_UNUSED_VARIABLE = YES;
				IPHONEOS_DEPLOYMENT_TARGET = 11.3;
				MTL_ENABLE_DEBUG_INFO = YES;
				ONLY_ACTIVE_ARCH = YES;
				SDKROOT = iphoneos;
				SWIFT_ACTIVE_COMPILATION_CONDITIONS = DEBUG;
				SWIFT_OPTIMIZATION_LEVEL = "-Onone";
			};
			name = Debug;
		};
		072175EE20B50D2B00529879 /* Release */ = {
			isa = XCBuildConfiguration;
			buildSettings = {
				ALWAYS_SEARCH_USER_PATHS = NO;
				CLANG_ANALYZER_NONNULL = YES;
				CLANG_ANALYZER_NUMBER_OBJECT_CONVERSION = YES_AGGRESSIVE;
				CLANG_CXX_LANGUAGE_STANDARD = "gnu++14";
				CLANG_CXX_LIBRARY = "libc++";
				CLANG_ENABLE_MODULES = YES;
				CLANG_ENABLE_OBJC_ARC = YES;
				CLANG_ENABLE_OBJC_WEAK = YES;
				CLANG_WARN_BLOCK_CAPTURE_AUTORELEASING = YES;
				CLANG_WARN_BOOL_CONVERSION = YES;
				CLANG_WARN_COMMA = YES;
				CLANG_WARN_CONSTANT_CONVERSION = YES;
				CLANG_WARN_DEPRECATED_OBJC_IMPLEMENTATIONS = YES;
				CLANG_WARN_DIRECT_OBJC_ISA_USAGE = YES_ERROR;
				CLANG_WARN_DOCUMENTATION_COMMENTS = YES;
				CLANG_WARN_EMPTY_BODY = YES;
				CLANG_WARN_ENUM_CONVERSION = YES;
				CLANG_WARN_INFINITE_RECURSION = YES;
				CLANG_WARN_INT_CONVERSION = YES;
				CLANG_WARN_NON_LITERAL_NULL_CONVERSION = YES;
				CLANG_WARN_OBJC_IMPLICIT_RETAIN_SELF = YES;
				CLANG_WARN_OBJC_LITERAL_CONVERSION = YES;
				CLANG_WARN_OBJC_ROOT_CLASS = YES_ERROR;
				CLANG_WARN_RANGE_LOOP_ANALYSIS = YES;
				CLANG_WARN_STRICT_PROTOTYPES = YES;
				CLANG_WARN_SUSPICIOUS_MOVE = YES;
				CLANG_WARN_UNGUARDED_AVAILABILITY = YES_AGGRESSIVE;
				CLANG_WARN_UNREACHABLE_CODE = YES;
				CLANG_WARN__DUPLICATE_METHOD_MATCH = YES;
				CODE_SIGN_IDENTITY = "iPhone Developer";
				COPY_PHASE_STRIP = NO;
				DEBUG_INFORMATION_FORMAT = "dwarf-with-dsym";
				ENABLE_NS_ASSERTIONS = NO;
				ENABLE_STRICT_OBJC_MSGSEND = YES;
				GCC_C_LANGUAGE_STANDARD = gnu11;
				GCC_NO_COMMON_BLOCKS = YES;
				GCC_WARN_64_TO_32_BIT_CONVERSION = YES;
				GCC_WARN_ABOUT_RETURN_TYPE = YES_ERROR;
				GCC_WARN_UNDECLARED_SELECTOR = YES;
				GCC_WARN_UNINITIALIZED_AUTOS = YES_AGGRESSIVE;
				GCC_WARN_UNUSED_FUNCTION = YES;
				GCC_WARN_UNUSED_VARIABLE = YES;
				IPHONEOS_DEPLOYMENT_TARGET = 11.3;
				MTL_ENABLE_DEBUG_INFO = NO;
				SDKROOT = iphoneos;
				SWIFT_COMPILATION_MODE = wholemodule;
				SWIFT_OPTIMIZATION_LEVEL = "-O";
				VALIDATE_PRODUCT = YES;
			};
			name = Release;
		};
		072175F020B50D2B00529879 /* Debug */ = {
			isa = XCBuildConfiguration;
			baseConfigurationReference = E2473424890CCAD97D8FA259 /* Pods-iCards.debug.xcconfig */;
			buildSettings = {
				ASSETCATALOG_COMPILER_APPICON_NAME = AppIcon;
				CODE_SIGN_ENTITLEMENTS = iCards/SupportingFiles/iCards.entitlements;
				CODE_SIGN_STYLE = Automatic;
				DEVELOPMENT_TEAM = ENF6RU9UQS;
				INFOPLIST_FILE = "$(SRCROOT)/iCards/SupportingFiles/Info.plist";
				IPHONEOS_DEPLOYMENT_TARGET = 11.0;
				LD_RUNPATH_SEARCH_PATHS = (
					"$(inherited)",
					"@executable_path/Frameworks",
				);
				PRODUCT_BUNDLE_IDENTIFIER = com.luckytr.mycards;
				PRODUCT_NAME = "$(TARGET_NAME)";
				SWIFT_VERSION = 4.0;
				TARGETED_DEVICE_FAMILY = "1,2";
			};
			name = Debug;
		};
		072175F120B50D2B00529879 /* Release */ = {
			isa = XCBuildConfiguration;
			baseConfigurationReference = 8A64A20897BDA0BE55A61A52 /* Pods-iCards.release.xcconfig */;
			buildSettings = {
				ASSETCATALOG_COMPILER_APPICON_NAME = AppIcon;
				CODE_SIGN_ENTITLEMENTS = iCards/SupportingFiles/iCards.entitlements;
				CODE_SIGN_STYLE = Automatic;
				DEVELOPMENT_TEAM = ENF6RU9UQS;
				INFOPLIST_FILE = "$(SRCROOT)/iCards/SupportingFiles/Info.plist";
				IPHONEOS_DEPLOYMENT_TARGET = 11.0;
				LD_RUNPATH_SEARCH_PATHS = (
					"$(inherited)",
					"@executable_path/Frameworks",
				);
				PRODUCT_BUNDLE_IDENTIFIER = com.luckytr.mycards;
				PRODUCT_NAME = "$(TARGET_NAME)";
				SWIFT_VERSION = 4.0;
				TARGETED_DEVICE_FAMILY = "1,2";
			};
			name = Release;
		};
		072175F320B50D2B00529879 /* Debug */ = {
			isa = XCBuildConfiguration;
			buildSettings = {
				ALWAYS_EMBED_SWIFT_STANDARD_LIBRARIES = YES;
				BUNDLE_LOADER = "$(TEST_HOST)";
				CODE_SIGN_STYLE = Automatic;
				DEVELOPMENT_TEAM = ENF6RU9UQS;
				INFOPLIST_FILE = iCardsTests/Info.plist;
				LD_RUNPATH_SEARCH_PATHS = (
					"$(inherited)",
					"@executable_path/Frameworks",
					"@loader_path/Frameworks",
				);
				PRODUCT_BUNDLE_IDENTIFIER = com.luckytr.iCardsTests;
				PRODUCT_NAME = "$(TARGET_NAME)";
				SWIFT_VERSION = 4.0;
				TARGETED_DEVICE_FAMILY = "1,2";
				TEST_HOST = "$(BUILT_PRODUCTS_DIR)/iCards.app/iCards";
			};
			name = Debug;
		};
		072175F420B50D2B00529879 /* Release */ = {
			isa = XCBuildConfiguration;
			buildSettings = {
				ALWAYS_EMBED_SWIFT_STANDARD_LIBRARIES = YES;
				BUNDLE_LOADER = "$(TEST_HOST)";
				CODE_SIGN_STYLE = Automatic;
				DEVELOPMENT_TEAM = ENF6RU9UQS;
				INFOPLIST_FILE = iCardsTests/Info.plist;
				LD_RUNPATH_SEARCH_PATHS = (
					"$(inherited)",
					"@executable_path/Frameworks",
					"@loader_path/Frameworks",
				);
				PRODUCT_BUNDLE_IDENTIFIER = com.luckytr.iCardsTests;
				PRODUCT_NAME = "$(TARGET_NAME)";
				SWIFT_VERSION = 4.0;
				TARGETED_DEVICE_FAMILY = "1,2";
				TEST_HOST = "$(BUILT_PRODUCTS_DIR)/iCards.app/iCards";
			};
			name = Release;
		};
		072175F620B50D2B00529879 /* Debug */ = {
			isa = XCBuildConfiguration;
			buildSettings = {
				ALWAYS_EMBED_SWIFT_STANDARD_LIBRARIES = YES;
				CODE_SIGN_STYLE = Automatic;
				DEVELOPMENT_TEAM = ENF6RU9UQS;
				INFOPLIST_FILE = iCardsUITests/Info.plist;
				LD_RUNPATH_SEARCH_PATHS = (
					"$(inherited)",
					"@executable_path/Frameworks",
					"@loader_path/Frameworks",
				);
				PRODUCT_BUNDLE_IDENTIFIER = com.luckytr.iCardsUITests;
				PRODUCT_NAME = "$(TARGET_NAME)";
				SWIFT_VERSION = 4.0;
				TARGETED_DEVICE_FAMILY = "1,2";
				TEST_TARGET_NAME = iCards;
			};
			name = Debug;
		};
		072175F720B50D2B00529879 /* Release */ = {
			isa = XCBuildConfiguration;
			buildSettings = {
				ALWAYS_EMBED_SWIFT_STANDARD_LIBRARIES = YES;
				CODE_SIGN_STYLE = Automatic;
				DEVELOPMENT_TEAM = ENF6RU9UQS;
				INFOPLIST_FILE = iCardsUITests/Info.plist;
				LD_RUNPATH_SEARCH_PATHS = (
					"$(inherited)",
					"@executable_path/Frameworks",
					"@loader_path/Frameworks",
				);
				PRODUCT_BUNDLE_IDENTIFIER = com.luckytr.iCardsUITests;
				PRODUCT_NAME = "$(TARGET_NAME)";
				SWIFT_VERSION = 4.0;
				TARGETED_DEVICE_FAMILY = "1,2";
				TEST_TARGET_NAME = iCards;
			};
			name = Release;
		};
/* End XCBuildConfiguration section */

/* Begin XCConfigurationList section */
		072175C220B50D2800529879 /* Build configuration list for PBXProject "iCards" */ = {
			isa = XCConfigurationList;
			buildConfigurations = (
				072175ED20B50D2B00529879 /* Debug */,
				072175EE20B50D2B00529879 /* Release */,
			);
			defaultConfigurationIsVisible = 0;
			defaultConfigurationName = Release;
		};
		072175EF20B50D2B00529879 /* Build configuration list for PBXNativeTarget "iCards" */ = {
			isa = XCConfigurationList;
			buildConfigurations = (
				072175F020B50D2B00529879 /* Debug */,
				072175F120B50D2B00529879 /* Release */,
			);
			defaultConfigurationIsVisible = 0;
			defaultConfigurationName = Release;
		};
		072175F220B50D2B00529879 /* Build configuration list for PBXNativeTarget "iCardsTests" */ = {
			isa = XCConfigurationList;
			buildConfigurations = (
				072175F320B50D2B00529879 /* Debug */,
				072175F420B50D2B00529879 /* Release */,
			);
			defaultConfigurationIsVisible = 0;
			defaultConfigurationName = Release;
		};
		072175F520B50D2B00529879 /* Build configuration list for PBXNativeTarget "iCardsUITests" */ = {
			isa = XCConfigurationList;
			buildConfigurations = (
				072175F620B50D2B00529879 /* Debug */,
				072175F720B50D2B00529879 /* Release */,
			);
			defaultConfigurationIsVisible = 0;
			defaultConfigurationName = Release;
		};
/* End XCConfigurationList section */
	};
	rootObject = 072175BF20B50D2800529879 /* Project object */;
}
